
Microsoft Visual Studio Solution File, Format Version 12.00
# Visual Studio 15
VisualStudioVersion = 15.0.26730.15
MinimumVisualStudioVersion = 10.0.40219.1
Project("{FAE04EC0-301F-11D3-BF4B-00C04F79EFBC}") = "MoneyApp", "MoneyApp\MoneyApp.csproj", "{ADD51DB9-7B62-40A1-8595-54F9A7DB180D}"
EndProject
Global
	GlobalSection(SolutionConfigurationPlatforms) = preSolution
		Debug|Any CPU = Debug|Any CPU
		Release|Any CPU = Release|Any CPU
	EndGlobalSection
	GlobalSection(ProjectConfigurationPlatforms) = postSolution
		{ADD51DB9-7B62-40A1-8595-54F9A7DB180D}.Debug|Any CPU.ActiveCfg = Debug|Any CPU
		{ADD51DB9-7B62-40A1-8595-54F9A7DB180D}.Debug|Any CPU.Build.0 = Debug|Any CPU
		{ADD51DB9-7B62-40A1-8595-54F9A7DB180D}.Release|Any CPU.ActiveCfg = Release|Any CPU
		{ADD51DB9-7B62-40A1-8595-54F9A7DB180D}.Release|Any CPU.Build.0 = Release|Any CPU
	EndGlobalSection
	GlobalSection(SolutionProperties) = preSolution
		HideSolutionNode = FALSE
	EndGlobalSection
	GlobalSection(ExtensibilityGlobals) = postSolution
		SolutionGuid = {B9C010F8-F29E-4517-8168-6BC0306C9972}
	EndGlobalSection
EndGlobal
