
Microsoft Visual Studio Solution File, Format Version 12.00
# Visual Studio 15
VisualStudioVersion = 15.0.27004.2009
MinimumVisualStudioVersion = 10.0.40219.1
Project("{FAE04EC0-301F-11D3-BF4B-00C04F79EFBC}") = "Pizza App with Two Forms", "Pizza App with Two Forms\Pizza App with Two Forms.csproj", "{378BA4E2-3167-49A7-A8B3-7949B4DA5E73}"
EndProject
Global
	GlobalSection(SolutionConfigurationPlatforms) = preSolution
		Debug|Any CPU = Debug|Any CPU
		Release|Any CPU = Release|Any CPU
	EndGlobalSection
	GlobalSection(ProjectConfigurationPlatforms) = postSolution
		{378BA4E2-3167-49A7-A8B3-7949B4DA5E73}.Debug|Any CPU.ActiveCfg = Debug|Any CPU
		{378BA4E2-3167-49A7-A8B3-7949B4DA5E73}.Debug|Any CPU.Build.0 = Debug|Any CPU
		{378BA4E2-3167-49A7-A8B3-7949B4DA5E73}.Release|Any CPU.ActiveCfg = Release|Any CPU
		{378BA4E2-3167-49A7-A8B3-7949B4DA5E73}.Release|Any CPU.Build.0 = Release|Any CPU
	EndGlobalSection
	GlobalSection(SolutionProperties) = preSolution
		HideSolutionNode = FALSE
	EndGlobalSection
	GlobalSection(ExtensibilityGlobals) = postSolution
		SolutionGuid = {3FE5289E-C987-4730-AA1B-E694AD9BE8F1}
	EndGlobalSection
EndGlobal
