
Microsoft Visual Studio Solution File, Format Version 12.00
# Visual Studio 15
VisualStudioVersion = 15.0.27130.0
MinimumVisualStudioVersion = 10.0.40219.1
Project("{FAE04EC0-301F-11D3-BF4B-00C04F79EFBC}") = "TriviaGameApp", "TriviaGameApp\TriviaGameApp.csproj", "{BAA0BEEB-67F7-4A5A-8817-D9118F3FAE13}"
EndProject
Global
	GlobalSection(SolutionConfigurationPlatforms) = preSolution
		Debug|Any CPU = Debug|Any CPU
		Release|Any CPU = Release|Any CPU
	EndGlobalSection
	GlobalSection(ProjectConfigurationPlatforms) = postSolution
		{BAA0BEEB-67F7-4A5A-8817-D9118F3FAE13}.Debug|Any CPU.ActiveCfg = Debug|Any CPU
		{BAA0BEEB-67F7-4A5A-8817-D9118F3FAE13}.Debug|Any CPU.Build.0 = Debug|Any CPU
		{BAA0BEEB-67F7-4A5A-8817-D9118F3FAE13}.Release|Any CPU.ActiveCfg = Release|Any CPU
		{BAA0BEEB-67F7-4A5A-8817-D9118F3FAE13}.Release|Any CPU.Build.0 = Release|Any CPU
	EndGlobalSection
	GlobalSection(SolutionProperties) = preSolution
		HideSolutionNode = FALSE
	EndGlobalSection
	GlobalSection(ExtensibilityGlobals) = postSolution
		SolutionGuid = {1593F347-98B4-4764-A4A5-C467CEF8A8BB}
	EndGlobalSection
EndGlobal
