
Microsoft Visual Studio Solution File, Format Version 12.00
# Visual Studio 15
VisualStudioVersion = 15.0.27130.2003
MinimumVisualStudioVersion = 10.0.40219.1
Project("{FAE04EC0-301F-11D3-BF4B-00C04F79EFBC}") = "GUISayingsForm", "GUISayingsForm\GUISayingsForm.csproj", "{4294DE01-FA3E-49BB-A79B-8E3F49630C58}"
EndProject
Global
	GlobalSection(SolutionConfigurationPlatforms) = preSolution
		Debug|Any CPU = Debug|Any CPU
		Release|Any CPU = Release|Any CPU
	EndGlobalSection
	GlobalSection(ProjectConfigurationPlatforms) = postSolution
		{4294DE01-FA3E-49BB-A79B-8E3F49630C58}.Debug|Any CPU.ActiveCfg = Debug|Any CPU
		{4294DE01-FA3E-49BB-A79B-8E3F49630C58}.Debug|Any CPU.Build.0 = Debug|Any CPU
		{4294DE01-FA3E-49BB-A79B-8E3F49630C58}.Release|Any CPU.ActiveCfg = Release|Any CPU
		{4294DE01-FA3E-49BB-A79B-8E3F49630C58}.Release|Any CPU.Build.0 = Release|Any CPU
	EndGlobalSection
	GlobalSection(SolutionProperties) = preSolution
		HideSolutionNode = FALSE
	EndGlobalSection
	GlobalSection(ExtensibilityGlobals) = postSolution
		SolutionGuid = {549672F2-5DA6-4022-8E61-34168A0C2C80}
	EndGlobalSection
EndGlobal
